// !$*UTF8*$!
{
	archiveVersion = 1;
	classes = {
	};
	objectVersion = 46;
	objects = {

/* Begin PBXBuildFile section */
		5C1AB5B31C5E881F007E589B /* AppDelegate.swift in Sources */ = {isa = PBXBuildFile; fileRef = 5C1AB5B21C5E881F007E589B /* AppDelegate.swift */; };
		5C1AB5B51C5E881F007E589B /* ViewController.swift in Sources */ = {isa = PBXBuildFile; fileRef = 5C1AB5B41C5E881F007E589B /* ViewController.swift */; };
		5C1AB5B81C5E881F007E589B /* Main.storyboard in Resources */ = {isa = PBXBuildFile; fileRef = 5C1AB5B61C5E881F007E589B /* Main.storyboard */; };
		5C1AB5BA1C5E881F007E589B /* Assets.xcassets in Resources */ = {isa = PBXBuildFile; fileRef = 5C1AB5B91C5E881F007E589B /* Assets.xcassets */; };
		5C1AB5BD1C5E881F007E589B /* LaunchScreen.storyboard in Resources */ = {isa = PBXBuildFile; fileRef = 5C1AB5BB1C5E881F007E589B /* LaunchScreen.storyboard */; };
		5C1AB5C81C5E881F007E589B /* SuperCoolTests.swift in Sources */ = {isa = PBXBuildFile; fileRef = 5C1AB5C71C5E881F007E589B /* SuperCoolTests.swift */; };
		5C1AB5D31C5E881F007E589B /* SuperCoolUITests.swift in Sources */ = {isa = PBXBuildFile; fileRef = 5C1AB5D21C5E881F007E589B /* SuperCoolUITests.swift */; };
/* End PBXBuildFile section */

/* Begin PBXContainerItemProxy section */
		5C1AB5C41C5E881F007E589B /* PBXContainerItemProxy */ = {
			isa = PBXContainerItemProxy;
			containerPortal = 5C1AB5A71C5E881F007E589B /* Project object */;
			proxyType = 1;
			remoteGlobalIDString = 5C1AB5AE1C5E881F007E589B;
			remoteInfo = SuperCool;
		};
		5C1AB5CF1C5E881F007E589B /* PBXContainerItemProxy */ = {
			isa = PBXContainerItemProxy;
			containerPortal = 5C1AB5A71C5E881F007E589B /* Project object */;
			proxyType = 1;
			remoteGlobalIDString = 5C1AB5AE1C5E881F007E589B;
			remoteInfo = SuperCool;
		};
/* End PBXContainerItemProxy section */

/* Begin PBXFileReference section */
		5C1AB5AF1C5E881F007E589B /* SuperCool.app */ = {isa = PBXFileReference; explicitFileType = wrapper.application; includeInIndex = 0; path = SuperCool.app; sourceTree = BUILT_PRODUCTS_DIR; };
		5C1AB5B21C5E881F007E589B /* AppDelegate.swift */ = {isa = PBXFileReference; lastKnownFileType = sourcecode.swift; path = AppDelegate.swift; sourceTree = "<group>"; };
		5C1AB5B41C5E881F007E589B /* ViewController.swift */ = {isa = PBXFileReference; lastKnownFileType = sourcecode.swift; path = ViewController.swift; sourceTree = "<group>"; };
		5C1AB5B71C5E881F007E589B /* Base */ = {isa = PBXFileReference; lastKnownFileType = file.storyboard; name = Base; path = Base.lproj/Main.storyboard; sourceTree = "<group>"; };
		5C1AB5B91C5E881F007E589B /* Assets.xcassets */ = {isa = PBXFileReference; lastKnownFileType = folder.assetcatalog; path = Assets.xcassets; sourceTree = "<group>"; };
		5C1AB5BC1C5E881F007E589B /* Base */ = {isa = PBXFileReference; lastKnownFileType = file.storyboard; name = Base; path = Base.lproj/LaunchScreen.storyboard; sourceTree = "<group>"; };
		5C1AB5BE1C5E881F007E589B /* Info.plist */ = {isa = PBXFileReference; lastKnownFileType = text.plist.xml; path = Info.plist; sourceTree = "<group>"; };
		5C1AB5C31C5E881F007E589B /* SuperCoolTests.xctest */ = {isa = PBXFileReference; explicitFileType = wrapper.cfbundle; includeInIndex = 0; path = SuperCoolTests.xctest; sourceTree = BUILT_PRODUCTS_DIR; };
		5C1AB5C71C5E881F007E589B /* SuperCoolTests.swift */ = {isa = PBXFileReference; lastKnownFileType = sourcecode.swift; path = SuperCoolTests.swift; sourceTree = "<group>"; };
		5C1AB5C91C5E881F007E589B /* Info.plist */ = {isa = PBXFileReference; lastKnownFileType = text.plist.xml; path = Info.plist; sourceTree = "<group>"; };
		5C1AB5CE1C5E881F007E589B /* SuperCoolUITests.xctest */ = {isa = PBXFileReference; explicitFileType = wrapper.cfbundle; includeInIndex = 0; path = SuperCoolUITests.xctest; sourceTree = BUILT_PRODUCTS_DIR; };
		5C1AB5D21C5E881F007E589B /* SuperCoolUITests.swift */ = {isa = PBXFileReference; lastKnownFileType = sourcecode.swift; path = SuperCoolUITests.swift; sourceTree = "<group>"; };
		5C1AB5D41C5E881F007E589B /* Info.plist */ = {isa = PBXFileReference; lastKnownFileType = text.plist.xml; path = Info.plist; sourceTree = "<group>"; };
/* End PBXFileReference section */

/* Begin PBXFrameworksBuildPhase section */
		5C1AB5AC1C5E881F007E589B /* Frameworks */ = {
			isa = PBXFrameworksBuildPhase;
			buildActionMask = 2147483647;
			files = (
			);
			runOnlyForDeploymentPostprocessing = 0;
		};
		5C1AB5C01C5E881F007E589B /* Frameworks */ = {
			isa = PBXFrameworksBuildPhase;
			buildActionMask = 2147483647;
			files = (
			);
			runOnlyForDeploymentPostprocessing = 0;
		};
		5C1AB5CB1C5E881F007E589B /* Frameworks */ = {
			isa = PBXFrameworksBuildPhase;
			buildActionMask = 2147483647;
			files = (
			);
			runOnlyForDeploymentPostprocessing = 0;
		};
/* End PBXFrameworksBuildPhase section */

/* Begin PBXGroup section */
		5C1AB5A61C5E881F007E589B = {
			isa = PBXGroup;
			children = (
				5C1AB5B11C5E881F007E589B /* SuperCool */,
				5C1AB5C61C5E881F007E589B /* SuperCoolTests */,
				5C1AB5D11C5E881F007E589B /* SuperCoolUITests */,
				5C1AB5B01C5E881F007E589B /* Products */,
			);
			sourceTree = "<group>";
		};
		5C1AB5B01C5E881F007E589B /* Products */ = {
			isa = PBXGroup;
			children = (
				5C1AB5AF1C5E881F007E589B /* SuperCool.app */,
				5C1AB5C31C5E881F007E589B /* SuperCoolTests.xctest */,
				5C1AB5CE1C5E881F007E589B /* SuperCoolUITests.xctest */,
			);
			name = Products;
			sourceTree = "<group>";
		};
		5C1AB5B11C5E881F007E589B /* SuperCool */ = {
			isa = PBXGroup;
			children = (
				5C1AB5B21C5E881F007E589B /* AppDelegate.swift */,
				5C1AB5B41C5E881F007E589B /* ViewController.swift */,
				5C1AB5B61C5E881F007E589B /* Main.storyboard */,
				5C1AB5B91C5E881F007E589B /* Assets.xcassets */,
				5C1AB5BB1C5E881F007E589B /* LaunchScreen.storyboard */,
				5C1AB5BE1C5E881F007E589B /* Info.plist */,
			);
			path = SuperCool;
			sourceTree = "<group>";
		};
		5C1AB5C61C5E881F007E589B /* SuperCoolTests */ = {
			isa = PBXGroup;
			children = (
				5C1AB5C71C5E881F007E589B /* SuperCoolTests.swift */,
				5C1AB5C91C5E881F007E589B /* Info.plist */,
			);
			path = SuperCoolTests;
			sourceTree = "<group>";
		};
		5C1AB5D11C5E881F007E589B /* SuperCoolUITests */ = {
			isa = PBXGroup;
			children = (
				5C1AB5D21C5E881F007E589B /* SuperCoolUITests.swift */,
				5C1AB5D41C5E881F007E589B /* Info.plist */,
			);
			path = SuperCoolUITests;
			sourceTree = "<group>";
		};
/* End PBXGroup section */

/* Begin PBXNativeTarget section */
		5C1AB5AE1C5E881F007E589B /* SuperCool */ = {
			isa = PBXNativeTarget;
			buildConfigurationList = 5C1AB5D71C5E881F007E589B /* Build configuration list for PBXNativeTarget "SuperCool" */;
			buildPhases = (
				5C1AB5AB1C5E881F007E589B /* Sources */,
				5C1AB5AC1C5E881F007E589B /* Frameworks */,
				5C1AB5AD1C5E881F007E589B /* Resources */,
			);
			buildRules = (
			);
			dependencies = (
			);
			name = SuperCool;
			productName = SuperCool;
			productReference = 5C1AB5AF1C5E881F007E589B /* SuperCool.app */;
			productType = "com.apple.product-type.application";
		};
		5C1AB5C21C5E881F007E589B /* SuperCoolTests */ = {
			isa = PBXNativeTarget;
			buildConfigurationList = 5C1AB5DA1C5E881F007E589B /* Build configuration list for PBXNativeTarget "SuperCoolTests" */;
			buildPhases = (
				5C1AB5BF1C5E881F007E589B /* Sources */,
				5C1AB5C01C5E881F007E589B /* Frameworks */,
				5C1AB5C11C5E881F007E589B /* Resources */,
			);
			buildRules = (
			);
			dependencies = (
				5C1AB5C51C5E881F007E589B /* PBXTargetDependency */,
			);
			name = SuperCoolTests;
			productName = SuperCoolTests;
			productReference = 5C1AB5C31C5E881F007E589B /* SuperCoolTests.xctest */;
			productType = "com.apple.product-type.bundle.unit-test";
		};
		5C1AB5CD1C5E881F007E589B /* SuperCoolUITests */ = {
			isa = PBXNativeTarget;
			buildConfigurationList = 5C1AB5DD1C5E881F007E589B /* Build configuration list for PBXNativeTarget "SuperCoolUITests" */;
			buildPhases = (
				5C1AB5CA1C5E881F007E589B /* Sources */,
				5C1AB5CB1C5E881F007E589B /* Frameworks */,
				5C1AB5CC1C5E881F007E589B /* Resources */,
			);
			buildRules = (
			);
			dependencies = (
				5C1AB5D01C5E881F007E589B /* PBXTargetDependency */,
			);
			name = SuperCoolUITests;
			productName = SuperCoolUITests;
			productReference = 5C1AB5CE1C5E881F007E589B /* SuperCoolUITests.xctest */;
			productType = "com.apple.product-type.bundle.ui-testing";
		};
/* End PBXNativeTarget section */

/* Begin PBXProject section */
		5C1AB5A71C5E881F007E589B /* Project object */ = {
			isa = PBXProject;
			attributes = {
				LastSwiftUpdateCheck = 0720;
				LastUpgradeCheck = 0720;
				ORGANIZATIONNAME = bng;
				TargetAttributes = {
					5C1AB5AE1C5E881F007E589B = {
						CreatedOnToolsVersion = 7.2;
					};
					5C1AB5C21C5E881F007E589B = {
						CreatedOnToolsVersion = 7.2;
						TestTargetID = 5C1AB5AE1C5E881F007E589B;
					};
					5C1AB5CD1C5E881F007E589B = {
						CreatedOnToolsVersion = 7.2;
						TestTargetID = 5C1AB5AE1C5E881F007E589B;
					};
				};
			};
			buildConfigurationList = 5C1AB5AA1C5E881F007E589B /* Build configuration list for PBXProject "SuperCool" */;
			compatibilityVersion = "Xcode 3.2";
			developmentRegion = English;
			hasScannedForEncodings = 0;
			knownRegions = (
				en,
				Base,
			);
			mainGroup = 5C1AB5A61C5E881F007E589B;
			productRefGroup = 5C1AB5B01C5E881F007E589B /* Products */;
			projectDirPath = "";
			projectRoot = "";
			targets = (
				5C1AB5AE1C5E881F007E589B /* SuperCool */,
				5C1AB5C21C5E881F007E589B /* SuperCoolTests */,
				5C1AB5CD1C5E881F007E589B /* SuperCoolUITests */,
			);
		};
/* End PBXProject section */

/* Begin PBXResourcesBuildPhase section */
		5C1AB5AD1C5E881F007E589B /* Resources */ = {
			isa = PBXResourcesBuildPhase;
			buildActionMask = 2147483647;
			files = (
				5C1AB5BD1C5E881F007E589B /* LaunchScreen.storyboard in Resources */,
				5C1AB5BA1C5E881F007E589B /* Assets.xcassets in Resources */,
				5C1AB5B81C5E881F007E589B /* Main.storyboard in Resources */,
			);
			runOnlyForDeploymentPostprocessing = 0;
		};
		5C1AB5C11C5E881F007E589B /* Resources */ = {
			isa = PBXResourcesBuildPhase;
			buildActionMask = 2147483647;
			files = (
			);
			runOnlyForDeploymentPostprocessing = 0;
		};
		5C1AB5CC1C5E881F007E589B /* Resources */ = {
			isa = PBXResourcesBuildPhase;
			buildActionMask = 2147483647;
			files = (
			);
			runOnlyForDeploymentPostprocessing = 0;
		};
/* End PBXResourcesBuildPhase section */

/* Begin PBXSourcesBuildPhase section */
		5C1AB5AB1C5E881F007E589B /* Sources */ = {
			isa = PBXSourcesBuildPhase;
			buildActionMask = 2147483647;
			files = (
				5C1AB5B51C5E881F007E589B /* ViewController.swift in Sources */,
				5C1AB5B31C5E881F007E589B /* AppDelegate.swift in Sources */,
			);
			runOnlyForDeploymentPostprocessing = 0;
		};
		5C1AB5BF1C5E881F007E589B /* Sources */ = {
			isa = PBXSourcesBuildPhase;
			buildActionMask = 2147483647;
			files = (
				5C1AB5C81C5E881F007E589B /* SuperCoolTests.swift in Sources */,
			);
			runOnlyForDeploymentPostprocessing = 0;
		};
		5C1AB5CA1C5E881F007E589B /* Sources */ = {
			isa = PBXSourcesBuildPhase;
			buildActionMask = 2147483647;
			files = (
				5C1AB5D31C5E881F007E589B /* SuperCoolUITests.swift in Sources */,
			);
			runOnlyForDeploymentPostprocessing = 0;
		};
/* End PBXSourcesBuildPhase section */

/* Begin PBXTargetDependency section */
		5C1AB5C51C5E881F007E589B /* PBXTargetDependency */ = {
			isa = PBXTargetDependency;
			target = 5C1AB5AE1C5E881F007E589B /* SuperCool */;
			targetProxy = 5C1AB5C41C5E881F007E589B /* PBXContainerItemProxy */;
		};
		5C1AB5D01C5E881F007E589B /* PBXTargetDependency */ = {
			isa = PBXTargetDependency;
			target = 5C1AB5AE1C5E881F007E589B /* SuperCool */;
			targetProxy = 5C1AB5CF1C5E881F007E589B /* PBXContainerItemProxy */;
		};
/* End PBXTargetDependency section */

/* Begin PBXVariantGroup section */
		5C1AB5B61C5E881F007E589B /* Main.storyboard */ = {
			isa = PBXVariantGroup;
			children = (
				5C1AB5B71C5E881F007E589B /* Base */,
			);
			name = Main.storyboard;
			sourceTree = "<group>";
		};
		5C1AB5BB1C5E881F007E589B /* LaunchScreen.storyboard */ = {
			isa = PBXVariantGroup;
			children = (
				5C1AB5BC1C5E881F007E589B /* Base */,
			);
			name = LaunchScreen.storyboard;
			sourceTree = "<group>";
		};
/* End PBXVariantGroup section */

/* Begin XCBuildConfiguration section */
		5C1AB5D51C5E881F007E589B /* Debug */ = {
			isa = XCBuildConfiguration;
			buildSettings = {
				ALWAYS_SEARCH_USER_PATHS = NO;
				CLANG_CXX_LANGUAGE_STANDARD = "gnu++0x";
				CLANG_CXX_LIBRARY = "libc++";
				CLANG_ENABLE_MODULES = YES;
				CLANG_ENABLE_OBJC_ARC = YES;
				CLANG_WARN_BOOL_CONVERSION = YES;
				CLANG_WARN_CONSTANT_CONVERSION = YES;
				CLANG_WARN_DIRECT_OBJC_ISA_USAGE = YES_ERROR;
				CLANG_WARN_EMPTY_BODY = YES;
				CLANG_WARN_ENUM_CONVERSION = YES;
				CLANG_WARN_INT_CONVERSION = YES;
				CLANG_WARN_OBJC_ROOT_CLASS = YES_ERROR;
				CLANG_WARN_UNREACHABLE_CODE = YES;
				CLANG_WARN__DUPLICATE_METHOD_MATCH = YES;
				"CODE_SIGN_IDENTITY[sdk=iphoneos*]" = "iPhone Developer";
				COPY_PHASE_STRIP = NO;
				DEBUG_INFORMATION_FORMAT = dwarf;
				ENABLE_STRICT_OBJC_MSGSEND = YES;
				ENABLE_TESTABILITY = YES;
				GCC_C_LANGUAGE_STANDARD = gnu99;
				GCC_DYNAMIC_NO_PIC = NO;
				GCC_NO_COMMON_BLOCKS = YES;
				GCC_OPTIMIZATION_LEVEL = 0;
				GCC_PREPROCESSOR_DEFINITIONS = (
					"DEBUG=1",
					"$(inherited)",
				);
				GCC_WARN_64_TO_32_BIT_CONVERSION = YES;
				GCC_WARN_ABOUT_RETURN_TYPE = YES_ERROR;
				GCC_WARN_UNDECLARED_SELECTOR = YES;
				GCC_WARN_UNINITIALIZED_AUTOS = YES_AGGRESSIVE;
				GCC_WARN_UNUSED_FUNCTION = YES;
				GCC_WARN_UNUSED_VARIABLE = YES;
				IPHONEOS_DEPLOYMENT_TARGET = 9.2;
				MTL_ENABLE_DEBUG_INFO = YES;
				ONLY_ACTIVE_ARCH = YES;
				SDKROOT = iphoneos;
				SWIFT_OPTIMIZATION_LEVEL = "-Onone";
			};
			name = Debug;
		};
		5C1AB5D61C5E881F007E589B /* Release */ = {
			isa = XCBuildConfiguration;
			buildSettings = {
				ALWAYS_SEARCH_USER_PATHS = NO;
				CLANG_CXX_LANGUAGE_STANDARD = "gnu++0x";
				CLANG_CXX_LIBRARY = "libc++";
				CLANG_ENABLE_MODULES = YES;
				CLANG_ENABLE_OBJC_ARC = YES;
				CLANG_WARN_BOOL_CONVERSION = YES;
				CLANG_WARN_CONSTANT_CONVERSION = YES;
				CLANG_WARN_DIRECT_OBJC_ISA_USAGE = YES_ERROR;
				CLANG_WARN_EMPTY_BODY = YES;
				CLANG_WARN_ENUM_CONVERSION = YES;
				CLANG_WARN_INT_CONVERSION = YES;
				CLANG_WARN_OBJC_ROOT_CLASS = YES_ERROR;
				CLANG_WARN_UNREACHABLE_CODE = YES;
				CLANG_WARN__DUPLICATE_METHOD_MATCH = YES;
				"CODE_SIGN_IDENTITY[sdk=iphoneos*]" = "iPhone Developer";
				COPY_PHASE_STRIP = NO;
				DEBUG_INFORMATION_FORMAT = "dwarf-with-dsym";
				ENABLE_NS_ASSERTIONS = NO;
				ENABLE_STRICT_OBJC_MSGSEND = YES;
				GCC_C_LANGUAGE_STANDARD = gnu99;
				GCC_NO_COMMON_BLOCKS = YES;
				GCC_WARN_64_TO_32_BIT_CONVERSION = YES;
				GCC_WARN_ABOUT_RETURN_TYPE = YES_ERROR;
				GCC_WARN_UNDECLARED_SELECTOR = YES;
				GCC_WARN_UNINITIALIZED_AUTOS = YES_AGGRESSIVE;
				GCC_WARN_UNUSED_FUNCTION = YES;
				GCC_WARN_UNUSED_VARIABLE = YES;
				IPHONEOS_DEPLOYMENT_TARGET = 9.2;
				MTL_ENABLE_DEBUG_INFO = NO;
				SDKROOT = iphoneos;
				VALIDATE_PRODUCT = YES;
			};
			name = Release;
		};
		5C1AB5D81C5E881F007E589B /* Debug */ = {
			isa = XCBuildConfiguration;
			buildSettings = {
				ASSETCATALOG_COMPILER_APPICON_NAME = AppIcon;
				INFOPLIST_FILE = SuperCool/Info.plist;
				LD_RUNPATH_SEARCH_PATHS = "$(inherited) @executable_path/Frameworks";
				PRODUCT_BUNDLE_IDENTIFIER = com.bng.SuperCool;
				PRODUCT_NAME = "$(TARGET_NAME)";
			};
			name = Debug;
		};
		5C1AB5D91C5E881F007E589B /* Release */ = {
			isa = XCBuildConfiguration;
			buildSettings = {
				ASSETCATALOG_COMPILER_APPICON_NAME = AppIcon;
				INFOPLIST_FILE = SuperCool/Info.plist;
				LD_RUNPATH_SEARCH_PATHS = "$(inherited) @executable_path/Frameworks";
				PRODUCT_BUNDLE_IDENTIFIER = com.bng.SuperCool;
				PRODUCT_NAME = "$(TARGET_NAME)";
			};
			name = Release;
		};
		5C1AB5DB1C5E881F007E589B /* Debug */ = {
			isa = XCBuildConfiguration;
			buildSettings = {
				BUNDLE_LOADER = "$(TEST_HOST)";
				INFOPLIST_FILE = SuperCoolTests/Info.plist;
				LD_RUNPATH_SEARCH_PATHS = "$(inherited) @executable_path/Frameworks @loader_path/Frameworks";
				PRODUCT_BUNDLE_IDENTIFIER = com.bng.SuperCoolTests;
				PRODUCT_NAME = "$(TARGET_NAME)";
				TEST_HOST = "$(BUILT_PRODUCTS_DIR)/SuperCool.app/SuperCool";
			};
			name = Debug;
		};
		5C1AB5DC1C5E881F007E589B /* Release */ = {
			isa = XCBuildConfiguration;
			buildSettings = {
				BUNDLE_LOADER = "$(TEST_HOST)";
				INFOPLIST_FILE = SuperCoolTests/Info.plist;
				LD_RUNPATH_SEARCH_PATHS = "$(inherited) @executable_path/Frameworks @loader_path/Frameworks";
				PRODUCT_BUNDLE_IDENTIFIER = com.bng.SuperCoolTests;
				PRODUCT_NAME = "$(TARGET_NAME)";
				TEST_HOST = "$(BUILT_PRODUCTS_DIR)/SuperCool.app/SuperCool";
			};
			name = Release;
		};
		5C1AB5DE1C5E881F007E589B /* Debug */ = {
			isa = XCBuildConfiguration;
			buildSettings = {
				INFOPLIST_FILE = SuperCoolUITests/Info.plist;
				LD_RUNPATH_SEARCH_PATHS = "$(inherited) @executable_path/Frameworks @loader_path/Frameworks";
				PRODUCT_BUNDLE_IDENTIFIER = com.bng.SuperCoolUITests;
				PRODUCT_NAME = "$(TARGET_NAME)";
				TEST_TARGET_NAME = SuperCool;
				USES_XCTRUNNER = YES;
			};
			name = Debug;
		};
		5C1AB5DF1C5E881F007E589B /* Release */ = {
			isa = XCBuildConfiguration;
			buildSettings = {
				INFOPLIST_FILE = SuperCoolUITests/Info.plist;
				LD_RUNPATH_SEARCH_PATHS = "$(inherited) @executable_path/Frameworks @loader_path/Frameworks";
				PRODUCT_BUNDLE_IDENTIFIER = com.bng.SuperCoolUITests;
				PRODUCT_NAME = "$(TARGET_NAME)";
				TEST_TARGET_NAME = SuperCool;
				USES_XCTRUNNER = YES;
			};
			name = Release;
		};
/* End XCBuildConfiguration section */

/* Begin XCConfigurationList section */
		5C1AB5AA1C5E881F007E589B /* Build configuration list for PBXProject "SuperCool" */ = {
			isa = XCConfigurationList;
			buildConfigurations = (
				5C1AB5D51C5E881F007E589B /* Debug */,
				5C1AB5D61C5E881F007E589B /* Release */,
			);
			defaultConfigurationIsVisible = 0;
			defaultConfigurationName = Release;
		};
		5C1AB5D71C5E881F007E589B /* Build configuration list for PBXNativeTarget "SuperCool" */ = {
			isa = XCConfigurationList;
			buildConfigurations = (
				5C1AB5D81C5E881F007E589B /* Debug */,
				5C1AB5D91C5E881F007E589B /* Release */,
			);
			defaultConfigurationIsVisible = 0;
		};
		5C1AB5DA1C5E881F007E589B /* Build configuration list for PBXNativeTarget "SuperCoolTests" */ = {
			isa = XCConfigurationList;
			buildConfigurations = (
				5C1AB5DB1C5E881F007E589B /* Debug */,
				5C1AB5DC1C5E881F007E589B /* Release */,
			);
			defaultConfigurationIsVisible = 0;
		};
		5C1AB5DD1C5E881F007E589B /* Build configuration list for PBXNativeTarget "SuperCoolUITests" */ = {
			isa = XCConfigurationList;
			buildConfigurations = (
				5C1AB5DE1C5E881F007E589B /* Debug */,
				5C1AB5DF1C5E881F007E589B /* Release */,
			);
			defaultConfigurationIsVisible = 0;
		};
/* End XCConfigurationList section */
	};
	rootObject = 5C1AB5A71C5E881F007E589B /* Project object */;
}
